{
  "name": "@thomaschaplin/isin-generator",
  "version": "1.0.4",
  "lockfileVersion": 2,
  "requires": true,
  "packages": {
    "": {
      "name": "@thomaschaplin/isin-generator",
      "version": "1.0.4",
      "license": "MIT",
      "dependencies": {
        "@thomaschaplin/cusip-generator": "^1.0.11"
      }
    },
    "node_modules/@thomaschaplin/cusip-generator": {
      "version": "1.0.11",
      "resolved": "https://registry.npmjs.org/@thomaschaplin/cusip-generator/-/cusip-generator-1.0.11.tgz",
      "integrity": "sha512-7DsmGJUuLhrpLSK5HMGVFM8kQi+6CMpVtM1gu1ZcIXTpuuAmg/9QJMn+Z6wYmp5TfJg9dwkUA58ew9Cya/FJRQ=="
    }
  },
  "dependencies": {
    "@thomaschaplin/cusip-generator": {
      "version": "1.0.11",
      "resolved": "https://registry.npmjs.org/@thomaschaplin/cusip-generator/-/cusip-generator-1.0.11.tgz",
      "integrity": "sha512-7DsmGJUuLhrpLSK5HMGVFM8kQi+6CMpVtM1gu1ZcIXTpuuAmg/9QJMn+Z6wYmp5TfJg9dwkUA58ew9Cya/FJRQ=="
    }
  }
}
