{
  "name": "@thomaschaplin/isin-generator",
  "version": "1.0.4",
  "lockfileVersion": 2,
  "requires": true,
  "packages": {
    "": {
      "name": "@thomaschaplin/isin-generator",
      "version": "1.0.4",
      "license": "MIT",
      "dependencies": {
        "@thomaschaplin/cusip-generator": "^1.0.8"
      }
    },
    "node_modules/@thomaschaplin/cusip-generator": {
      "version": "1.0.8",
      "resolved": "https://registry.npmjs.org/@thomaschaplin/cusip-generator/-/cusip-generator-1.0.8.tgz",
      "integrity": "sha512-DZU7+KoBt11wordFcFkDoXURAe9PjficImhw5dCDTYWklgvkY55LRrsQ93f9kYVuxRSr25fSbKohlmjh2hZHgw=="
    }
  },
  "dependencies": {
    "@thomaschaplin/cusip-generator": {
      "version": "1.0.8",
      "resolved": "https://registry.npmjs.org/@thomaschaplin/cusip-generator/-/cusip-generator-1.0.8.tgz",
      "integrity": "sha512-DZU7+KoBt11wordFcFkDoXURAe9PjficImhw5dCDTYWklgvkY55LRrsQ93f9kYVuxRSr25fSbKohlmjh2hZHgw=="
    }
  }
}
