{
  "name": "@thomaschaplin/isin-generator",
  "version": "1.0.3",
  "lockfileVersion": 1,
  "requires": true,
  "dependencies": {
    "@thomaschaplin/cusip-generator": {
      "version": "1.0.2",
      "resolved": "https://registry.npmjs.org/@thomaschaplin/cusip-generator/-/cusip-generator-1.0.2.tgz",
      "integrity": "sha512-jhV9lSWypwWCz9SGwdPvQHSidunKDJAhUAL65m8sUmWNlfqaM/d+p0n+nvVHbGmcAAPLMqu+OrLBWOcf4J6XNQ=="
    }
  }
}
